
Microsoft Visual Studio Solution File, Format Version 12.00
# Visual Studio Version 17
VisualStudioVersion = 17.1.31911.260
MinimumVisualStudioVersion = 10.0.40219.1
Project("{9A19103F-16F7-4668-BE54-9A1E7A4F7556}") = "Groffe.Alturas", "Groffe.Alturas.csproj", "{80D43DD7-4971-45CD-9798-B55E2039676C}"
EndProject
Global
	GlobalSection(SolutionConfigurationPlatforms) = preSolution
		Debug|Any CPU = Debug|Any CPU
		Release|Any CPU = Release|Any CPU
	EndGlobalSection
	GlobalSection(ProjectConfigurationPlatforms) = postSolution
		{80D43DD7-4971-45CD-9798-B55E2039676C}.Debug|Any CPU.ActiveCfg = Debug|Any CPU
		{80D43DD7-4971-45CD-9798-B55E2039676C}.Debug|Any CPU.Build.0 = Debug|Any CPU
		{80D43DD7-4971-45CD-9798-B55E2039676C}.Release|Any CPU.ActiveCfg = Release|Any CPU
		{80D43DD7-4971-45CD-9798-B55E2039676C}.Release|Any CPU.Build.0 = Release|Any CPU
	EndGlobalSection
	GlobalSection(SolutionProperties) = preSolution
		HideSolutionNode = FALSE
	EndGlobalSection
	GlobalSection(ExtensibilityGlobals) = postSolution
		SolutionGuid = {7602B086-7688-4672-A52A-9F387880A483}
	EndGlobalSection
EndGlobal
